// !$*UTF8*$!
{
	archiveVersion = 1;
	classes = {
	};
	objectVersion = 50;
	objects = {

/* Begin PBXBuildFile section */
		A308405E249BF10100AC2EEB /* libBlocksARM.h in Headers */ = {isa = PBXBuildFile; fileRef = A308405C249BF10100AC2EEB /* libBlocksARM.h */; settings = {ATTRIBUTES = (Public, ); }; };
		A3084062249BF10100AC2EEB /* libBlocksARM.framework in Embed Frameworks */ = {isa = PBXBuildFile; fileRef = A308405A249BF10100AC2EEB /* libBlocksARM.framework */; settings = {ATTRIBUTES = (CodeSignOnCopy, RemoveHeadersOnCopy, ); }; };
		A3600D9224ABDECE00D5075F /* imgui_impl_metal.mm in Sources */ = {isa = PBXBuildFile; fileRef = A3600D8524ABDECD00D5075F /* imgui_impl_metal.mm */; };
		A3600D9324ABDECE00D5075F /* imgui_impl_metal.mm in Sources */ = {isa = PBXBuildFile; fileRef = A3600D8524ABDECD00D5075F /* imgui_impl_metal.mm */; };
		A3600D9424ABDECE00D5075F /* imgui_demo.cpp in Sources */ = {isa = PBXBuildFile; fileRef = A3600D8624ABDECD00D5075F /* imgui_demo.cpp */; };
		A3600D9524ABDECE00D5075F /* imgui_demo.cpp in Sources */ = {isa = PBXBuildFile; fileRef = A3600D8624ABDECD00D5075F /* imgui_demo.cpp */; };
		A3600D9624ABDECE00D5075F /* imgui.cpp in Sources */ = {isa = PBXBuildFile; fileRef = A3600D8724ABDECD00D5075F /* imgui.cpp */; };
		A3600D9724ABDECE00D5075F /* imgui.cpp in Sources */ = {isa = PBXBuildFile; fileRef = A3600D8724ABDECD00D5075F /* imgui.cpp */; };
		A3600D9824ABDECE00D5075F /* imgui_draw.cpp in Sources */ = {isa = PBXBuildFile; fileRef = A3600D8924ABDECD00D5075F /* imgui_draw.cpp */; };
		A3600D9924ABDECE00D5075F /* imgui_draw.cpp in Sources */ = {isa = PBXBuildFile; fileRef = A3600D8924ABDECD00D5075F /* imgui_draw.cpp */; };
		A3600D9A24ABDECE00D5075F /* imgui_impl_osx.mm in Sources */ = {isa = PBXBuildFile; fileRef = A3600D8A24ABDECD00D5075F /* imgui_impl_osx.mm */; };
		A3600D9B24ABDECE00D5075F /* imgui_impl_osx.mm in Sources */ = {isa = PBXBuildFile; fileRef = A3600D8A24ABDECD00D5075F /* imgui_impl_osx.mm */; };
		A3600D9C24ABDECE00D5075F /* imgui_widgets.cpp in Sources */ = {isa = PBXBuildFile; fileRef = A3600D9024ABDECE00D5075F /* imgui_widgets.cpp */; };
		A3600D9D24ABDECE00D5075F /* imgui_widgets.cpp in Sources */ = {isa = PBXBuildFile; fileRef = A3600D9024ABDECE00D5075F /* imgui_widgets.cpp */; };
		A37CB53E24A1565B008FF9E0 /* block-textures.dat in Resources */ = {isa = PBXBuildFile; fileRef = A37CB53D24A1565B008FF9E0 /* block-textures.dat */; };
		A37CB53F24A1565B008FF9E0 /* block-textures.dat in Resources */ = {isa = PBXBuildFile; fileRef = A37CB53D24A1565B008FF9E0 /* block-textures.dat */; };
		A3A904F02497D37F004835B7 /* AppDelegate.m in Sources */ = {isa = PBXBuildFile; fileRef = A3A904EF2497D37F004835B7 /* AppDelegate.m */; };
		A3A904F32497D37F004835B7 /* GameViewController.m in Sources */ = {isa = PBXBuildFile; fileRef = A3A904F22497D37F004835B7 /* GameViewController.m */; };
		A3A904F62497D37F004835B7 /* Main.storyboard in Resources */ = {isa = PBXBuildFile; fileRef = A3A904F42497D37F004835B7 /* Main.storyboard */; };
		A3A904F92497D37F004835B7 /* LaunchScreen.storyboard in Resources */ = {isa = PBXBuildFile; fileRef = A3A904F72497D37F004835B7 /* LaunchScreen.storyboard */; };
		A3A904FC2497D37F004835B7 /* main.m in Sources */ = {isa = PBXBuildFile; fileRef = A3A904FB2497D37F004835B7 /* main.m */; };
		A3A905052497D37F004835B7 /* AppDelegate.m in Sources */ = {isa = PBXBuildFile; fileRef = A3A905042497D37F004835B7 /* AppDelegate.m */; };
		A3A905082497D37F004835B7 /* GameViewController.mm in Sources */ = {isa = PBXBuildFile; fileRef = A3A905072497D37F004835B7 /* GameViewController.mm */; };
		A3A9050B2497D37F004835B7 /* Main.storyboard in Resources */ = {isa = PBXBuildFile; fileRef = A3A905092497D37F004835B7 /* Main.storyboard */; };
		A3A9050E2497D37F004835B7 /* main.m in Sources */ = {isa = PBXBuildFile; fileRef = A3A9050D2497D37F004835B7 /* main.m */; };
		A3A9050F2497D37F004835B7 /* Renderer.mm in Sources */ = {isa = PBXBuildFile; fileRef = A3A904E32497D37E004835B7 /* Renderer.mm */; };
		A3A905102497D37F004835B7 /* Renderer.mm in Sources */ = {isa = PBXBuildFile; fileRef = A3A904E32497D37E004835B7 /* Renderer.mm */; };
		A3A905112497D37F004835B7 /* Shaders.metal in Sources */ = {isa = PBXBuildFile; fileRef = A3A904E52497D37E004835B7 /* Shaders.metal */; };
		A3A905122497D37F004835B7 /* Shaders.metal in Sources */ = {isa = PBXBuildFile; fileRef = A3A904E52497D37E004835B7 /* Shaders.metal */; };
		A3A905132497D37F004835B7 /* Assets.xcassets in Resources */ = {isa = PBXBuildFile; fileRef = A3A904E62497D37F004835B7 /* Assets.xcassets */; };
		A3A905142497D37F004835B7 /* Assets.xcassets in Resources */ = {isa = PBXBuildFile; fileRef = A3A904E62497D37F004835B7 /* Assets.xcassets */; };
		A3A90524249810B4004835B7 /* MetalView.m in Sources */ = {isa = PBXBuildFile; fileRef = A3A90523249810B4004835B7 /* MetalView.m */; };
		A3A90525249810B4004835B7 /* MetalView.m in Sources */ = {isa = PBXBuildFile; fileRef = A3A90523249810B4004835B7 /* MetalView.m */; };
		A3AA9852249B04AC00928544 /* main.m in Sources */ = {isa = PBXBuildFile; fileRef = A3AA9851249B04AC00928544 /* main.m */; };
		A3C07B0624A6F31D0031BF23 /* Blocks.cpp in Sources */ = {isa = PBXBuildFile; fileRef = A3C07B0524A6F3180031BF23 /* Blocks.cpp */; };
/* End PBXBuildFile section */

/* Begin PBXContainerItemProxy section */
		A308405F249BF10100AC2EEB /* PBXContainerItemProxy */ = {
			isa = PBXContainerItemProxy;
			containerPortal = A3A904DD2497D37E004835B7 /* Project object */;
			proxyType = 1;
			remoteGlobalIDString = A3084059249BF10100AC2EEB;
			remoteInfo = libBlocksARM;
		};
		A3AA9848249AAC5500928544 /* PBXContainerItemProxy */ = {
			isa = PBXContainerItemProxy;
			containerPortal = A3A904DD2497D37E004835B7 /* Project object */;
			proxyType = 1;
			remoteGlobalIDString = A32B6DD72499C2B60084106E;
			remoteInfo = libBlocks;
		};
/* End PBXContainerItemProxy section */

/* Begin PBXCopyFilesBuildPhase section */
		A3084066249BF10100AC2EEB /* Embed Frameworks */ = {
			isa = PBXCopyFilesBuildPhase;
			buildActionMask = 2147483647;
			dstPath = "";
			dstSubfolderSpec = 10;
			files = (
				A3084062249BF10100AC2EEB /* libBlocksARM.framework in Embed Frameworks */,
			);
			name = "Embed Frameworks";
			runOnlyForDeploymentPostprocessing = 0;
		};
		A3AA984D249B04AB00928544 /* CopyFiles */ = {
			isa = PBXCopyFilesBuildPhase;
			buildActionMask = 12;
			dstPath = "";
			dstSubfolderSpec = 6;
			files = (
			);
			runOnlyForDeploymentPostprocessing = 0;
		};
/* End PBXCopyFilesBuildPhase section */

/* Begin PBXFileReference section */
		A308405A249BF10100AC2EEB /* libBlocksARM.framework */ = {isa = PBXFileReference; explicitFileType = wrapper.framework; includeInIndex = 0; path = libBlocksARM.framework; sourceTree = BUILT_PRODUCTS_DIR; };
		A308405C249BF10100AC2EEB /* libBlocksARM.h */ = {isa = PBXFileReference; lastKnownFileType = sourcecode.c.h; path = libBlocksARM.h; sourceTree = "<group>"; };
		A308405D249BF10100AC2EEB /* Info.plist */ = {isa = PBXFileReference; lastKnownFileType = text.plist.xml; path = Info.plist; sourceTree = "<group>"; };
		A32B6DD82499C2B60084106E /* libBlocks.dylib */ = {isa = PBXFileReference; explicitFileType = "compiled.mach-o.dylib"; includeInIndex = 0; path = libBlocks.dylib; sourceTree = BUILT_PRODUCTS_DIR; };
		A3600D8424ABDECD00D5075F /* imgui_internal.h */ = {isa = PBXFileReference; fileEncoding = 4; lastKnownFileType = sourcecode.c.h; path = imgui_internal.h; sourceTree = "<group>"; };
		A3600D8524ABDECD00D5075F /* imgui_impl_metal.mm */ = {isa = PBXFileReference; fileEncoding = 4; lastKnownFileType = sourcecode.cpp.objcpp; path = imgui_impl_metal.mm; sourceTree = "<group>"; };
		A3600D8624ABDECD00D5075F /* imgui_demo.cpp */ = {isa = PBXFileReference; fileEncoding = 4; lastKnownFileType = sourcecode.cpp.cpp; path = imgui_demo.cpp; sourceTree = "<group>"; };
		A3600D8724ABDECD00D5075F /* imgui.cpp */ = {isa = PBXFileReference; fileEncoding = 4; lastKnownFileType = sourcecode.cpp.cpp; path = imgui.cpp; sourceTree = "<group>"; };
		A3600D8824ABDECD00D5075F /* imgui_impl_metal.h */ = {isa = PBXFileReference; fileEncoding = 4; lastKnownFileType = sourcecode.c.h; path = imgui_impl_metal.h; sourceTree = "<group>"; };
		A3600D8924ABDECD00D5075F /* imgui_draw.cpp */ = {isa = PBXFileReference; fileEncoding = 4; lastKnownFileType = sourcecode.cpp.cpp; path = imgui_draw.cpp; sourceTree = "<group>"; };
		A3600D8A24ABDECD00D5075F /* imgui_impl_osx.mm */ = {isa = PBXFileReference; fileEncoding = 4; lastKnownFileType = sourcecode.cpp.objcpp; path = imgui_impl_osx.mm; sourceTree = "<group>"; };
		A3600D8B24ABDECE00D5075F /* imstb_textedit.h */ = {isa = PBXFileReference; fileEncoding = 4; lastKnownFileType = sourcecode.c.h; path = imstb_textedit.h; sourceTree = "<group>"; };
		A3600D8C24ABDECE00D5075F /* imconfig.h */ = {isa = PBXFileReference; fileEncoding = 4; lastKnownFileType = sourcecode.c.h; path = imconfig.h; sourceTree = "<group>"; };
		A3600D8D24ABDECE00D5075F /* imstb_rectpack.h */ = {isa = PBXFileReference; fileEncoding = 4; lastKnownFileType = sourcecode.c.h; path = imstb_rectpack.h; sourceTree = "<group>"; };
		A3600D8E24ABDECE00D5075F /* imstb_truetype.h */ = {isa = PBXFileReference; fileEncoding = 4; lastKnownFileType = sourcecode.c.h; path = imstb_truetype.h; sourceTree = "<group>"; };
		A3600D8F24ABDECE00D5075F /* imgui_impl_osx.h */ = {isa = PBXFileReference; fileEncoding = 4; lastKnownFileType = sourcecode.c.h; path = imgui_impl_osx.h; sourceTree = "<group>"; };
		A3600D9024ABDECE00D5075F /* imgui_widgets.cpp */ = {isa = PBXFileReference; fileEncoding = 4; lastKnownFileType = sourcecode.cpp.cpp; path = imgui_widgets.cpp; sourceTree = "<group>"; };
		A3600D9124ABDECE00D5075F /* imgui.h */ = {isa = PBXFileReference; fileEncoding = 4; lastKnownFileType = sourcecode.c.h; path = imgui.h; sourceTree = "<group>"; };
		A37CB53D24A1565B008FF9E0 /* block-textures.dat */ = {isa = PBXFileReference; fileEncoding = 4; lastKnownFileType = text; path = "block-textures.dat"; sourceTree = "<group>"; };
		A3A904E22497D37E004835B7 /* Renderer.h */ = {isa = PBXFileReference; lastKnownFileType = sourcecode.c.h; path = Renderer.h; sourceTree = "<group>"; };
		A3A904E32497D37E004835B7 /* Renderer.mm */ = {isa = PBXFileReference; lastKnownFileType = sourcecode.cpp.objcpp; path = Renderer.mm; sourceTree = "<group>"; };
		A3A904E42497D37E004835B7 /* ShaderTypes.h */ = {isa = PBXFileReference; lastKnownFileType = sourcecode.c.h; path = ShaderTypes.h; sourceTree = "<group>"; };
		A3A904E52497D37E004835B7 /* Shaders.metal */ = {isa = PBXFileReference; lastKnownFileType = sourcecode.metal; path = Shaders.metal; sourceTree = "<group>"; };
		A3A904E62497D37F004835B7 /* Assets.xcassets */ = {isa = PBXFileReference; lastKnownFileType = folder.assetcatalog; path = Assets.xcassets; sourceTree = "<group>"; };
		A3A904EB2497D37F004835B7 /* IMBlocks.app */ = {isa = PBXFileReference; explicitFileType = wrapper.application; includeInIndex = 0; path = IMBlocks.app; sourceTree = BUILT_PRODUCTS_DIR; };
		A3A904EE2497D37F004835B7 /* AppDelegate.h */ = {isa = PBXFileReference; lastKnownFileType = sourcecode.c.h; path = AppDelegate.h; sourceTree = "<group>"; };
		A3A904EF2497D37F004835B7 /* AppDelegate.m */ = {isa = PBXFileReference; lastKnownFileType = sourcecode.c.objc; path = AppDelegate.m; sourceTree = "<group>"; };
		A3A904F12497D37F004835B7 /* GameViewController.h */ = {isa = PBXFileReference; lastKnownFileType = sourcecode.c.h; path = GameViewController.h; sourceTree = "<group>"; };
		A3A904F22497D37F004835B7 /* GameViewController.m */ = {isa = PBXFileReference; lastKnownFileType = sourcecode.c.objc; path = GameViewController.m; sourceTree = "<group>"; };
		A3A904F52497D37F004835B7 /* Base */ = {isa = PBXFileReference; lastKnownFileType = file.storyboard; name = Base; path = Base.lproj/Main.storyboard; sourceTree = "<group>"; };
		A3A904F82497D37F004835B7 /* Base */ = {isa = PBXFileReference; lastKnownFileType = file.storyboard; name = Base; path = Base.lproj/LaunchScreen.storyboard; sourceTree = "<group>"; };
		A3A904FA2497D37F004835B7 /* Info.plist */ = {isa = PBXFileReference; lastKnownFileType = text.plist.xml; path = Info.plist; sourceTree = "<group>"; };
		A3A904FB2497D37F004835B7 /* main.m */ = {isa = PBXFileReference; lastKnownFileType = sourcecode.c.objc; path = main.m; sourceTree = "<group>"; };
		A3A905012497D37F004835B7 /* IMBlocks.app */ = {isa = PBXFileReference; explicitFileType = wrapper.application; includeInIndex = 0; path = IMBlocks.app; sourceTree = BUILT_PRODUCTS_DIR; };
		A3A905032497D37F004835B7 /* AppDelegate.h */ = {isa = PBXFileReference; lastKnownFileType = sourcecode.c.h; path = AppDelegate.h; sourceTree = "<group>"; };
		A3A905042497D37F004835B7 /* AppDelegate.m */ = {isa = PBXFileReference; lastKnownFileType = sourcecode.c.objc; path = AppDelegate.m; sourceTree = "<group>"; };
		A3A905062497D37F004835B7 /* GameViewController.h */ = {isa = PBXFileReference; lastKnownFileType = sourcecode.c.h; path = GameViewController.h; sourceTree = "<group>"; };
		A3A905072497D37F004835B7 /* GameViewController.mm */ = {isa = PBXFileReference; lastKnownFileType = sourcecode.cpp.objcpp; path = GameViewController.mm; sourceTree = "<group>"; };
		A3A9050A2497D37F004835B7 /* Base */ = {isa = PBXFileReference; lastKnownFileType = file.storyboard; name = Base; path = Base.lproj/Main.storyboard; sourceTree = "<group>"; };
		A3A9050C2497D37F004835B7 /* Info.plist */ = {isa = PBXFileReference; lastKnownFileType = text.plist.xml; path = Info.plist; sourceTree = "<group>"; };
		A3A9050D2497D37F004835B7 /* main.m */ = {isa = PBXFileReference; lastKnownFileType = sourcecode.c.objc; path = main.m; sourceTree = "<group>"; };
		A3A90522249810B4004835B7 /* MetalView.h */ = {isa = PBXFileReference; lastKnownFileType = sourcecode.c.h; path = MetalView.h; sourceTree = "<group>"; };
		A3A90523249810B4004835B7 /* MetalView.m */ = {isa = PBXFileReference; lastKnownFileType = sourcecode.c.objc; path = MetalView.m; sourceTree = "<group>"; };
		A3AA984F249B04AB00928544 /* GenTextures */ = {isa = PBXFileReference; explicitFileType = "compiled.mach-o.executable"; includeInIndex = 0; path = GenTextures; sourceTree = BUILT_PRODUCTS_DIR; };
		A3AA9851249B04AC00928544 /* main.m */ = {isa = PBXFileReference; lastKnownFileType = sourcecode.c.objc; path = main.m; sourceTree = "<group>"; };
		A3C07B0024A6F3180031BF23 /* BlocksInternal.h */ = {isa = PBXFileReference; lastKnownFileType = sourcecode.c.h; path = BlocksInternal.h; sourceTree = "<group>"; };
		A3C07B0124A6F3180031BF23 /* BlocksVerts.h */ = {isa = PBXFileReference; lastKnownFileType = sourcecode.c.h; path = BlocksVerts.h; sourceTree = "<group>"; };
		A3C07B0224A6F3180031BF23 /* BlocksTypes.h */ = {isa = PBXFileReference; lastKnownFileType = sourcecode.c.h; path = BlocksTypes.h; sourceTree = "<group>"; };
		A3C07B0324A6F3180031BF23 /* Blocks.h */ = {isa = PBXFileReference; lastKnownFileType = sourcecode.c.h; path = Blocks.h; sourceTree = "<group>"; };
		A3C07B0424A6F3180031BF23 /* BlocksMath.h */ = {isa = PBXFileReference; lastKnownFileType = sourcecode.c.h; path = BlocksMath.h; sourceTree = "<group>"; };
		A3C07B0524A6F3180031BF23 /* Blocks.cpp */ = {isa = PBXFileReference; lastKnownFileType = sourcecode.cpp.cpp; path = Blocks.cpp; sourceTree = "<group>"; };
/* End PBXFileReference section */

/* Begin PBXFrameworksBuildPhase section */
		A3084057249BF10100AC2EEB /* Frameworks */ = {
			isa = PBXFrameworksBuildPhase;
			buildActionMask = 2147483647;
			files = (
			);
			runOnlyForDeploymentPostprocessing = 0;
		};
		A32B6DD62499C2B60084106E /* Frameworks */ = {
			isa = PBXFrameworksBuildPhase;
			buildActionMask = 2147483647;
			files = (
			);
			runOnlyForDeploymentPostprocessing = 0;
		};
		A3A904E82497D37F004835B7 /* Frameworks */ = {
			isa = PBXFrameworksBuildPhase;
			buildActionMask = 2147483647;
			files = (
			);
			runOnlyForDeploymentPostprocessing = 0;
		};
		A3A904FE2497D37F004835B7 /* Frameworks */ = {
			isa = PBXFrameworksBuildPhase;
			buildActionMask = 2147483647;
			files = (
			);
			runOnlyForDeploymentPostprocessing = 0;
		};
		A3AA984C249B04AB00928544 /* Frameworks */ = {
			isa = PBXFrameworksBuildPhase;
			buildActionMask = 2147483647;
			files = (
			);
			runOnlyForDeploymentPostprocessing = 0;
		};
/* End PBXFrameworksBuildPhase section */

/* Begin PBXGroup section */
		A308405B249BF10100AC2EEB /* libBlocksARM */ = {
			isa = PBXGroup;
			children = (
				A308405C249BF10100AC2EEB /* libBlocksARM.h */,
				A308405D249BF10100AC2EEB /* Info.plist */,
			);
			path = libBlocksARM;
			sourceTree = "<group>";
		};
		A3600D8224ABDE4900D5075F /* Debug */ = {
			isa = PBXGroup;
			children = (
				A3600D8324ABDE6900D5075F /* DearIMGUI */,
			);
			path = Debug;
			sourceTree = "<group>";
		};
		A3600D8324ABDE6900D5075F /* DearIMGUI */ = {
			isa = PBXGroup;
			children = (
				A3600D8C24ABDECE00D5075F /* imconfig.h */,
				A3600D8624ABDECD00D5075F /* imgui_demo.cpp */,
				A3600D8924ABDECD00D5075F /* imgui_draw.cpp */,
				A3600D8824ABDECD00D5075F /* imgui_impl_metal.h */,
				A3600D8524ABDECD00D5075F /* imgui_impl_metal.mm */,
				A3600D8F24ABDECE00D5075F /* imgui_impl_osx.h */,
				A3600D8A24ABDECD00D5075F /* imgui_impl_osx.mm */,
				A3600D8424ABDECD00D5075F /* imgui_internal.h */,
				A3600D9024ABDECE00D5075F /* imgui_widgets.cpp */,
				A3600D8724ABDECD00D5075F /* imgui.cpp */,
				A3600D9124ABDECE00D5075F /* imgui.h */,
				A3600D8D24ABDECE00D5075F /* imstb_rectpack.h */,
				A3600D8B24ABDECE00D5075F /* imstb_textedit.h */,
				A3600D8E24ABDECE00D5075F /* imstb_truetype.h */,
			);
			path = DearIMGUI;
			sourceTree = "<group>";
		};
		A3A904DC2497D37E004835B7 = {
			isa = PBXGroup;
			children = (
				A3C07AFF24A6F3180031BF23 /* Blocks */,
				A3A904E12497D37E004835B7 /* Shared */,
				A3600D8224ABDE4900D5075F /* Debug */,
				A3A904ED2497D37F004835B7 /* iOS */,
				A3A905022497D37F004835B7 /* macOS */,
				A3AA9850249B04AB00928544 /* GenTextures */,
				A308405B249BF10100AC2EEB /* libBlocksARM */,
				A3A904EC2497D37F004835B7 /* Products */,
			);
			sourceTree = "<group>";
		};
		A3A904E12497D37E004835B7 /* Shared */ = {
			isa = PBXGroup;
			children = (
				A3AA9857249B1C1300928544 /* Textures */,
				A3A904E22497D37E004835B7 /* Renderer.h */,
				A3A904E32497D37E004835B7 /* Renderer.mm */,
				A3A904E42497D37E004835B7 /* ShaderTypes.h */,
				A3A904E52497D37E004835B7 /* Shaders.metal */,
				A3A904E62497D37F004835B7 /* Assets.xcassets */,
				A3A90522249810B4004835B7 /* MetalView.h */,
				A3A90523249810B4004835B7 /* MetalView.m */,
			);
			path = Shared;
			sourceTree = "<group>";
		};
		A3A904EC2497D37F004835B7 /* Products */ = {
			isa = PBXGroup;
			children = (
				A3A904EB2497D37F004835B7 /* IMBlocks.app */,
				A3A905012497D37F004835B7 /* IMBlocks.app */,
				A32B6DD82499C2B60084106E /* libBlocks.dylib */,
				A3AA984F249B04AB00928544 /* GenTextures */,
				A308405A249BF10100AC2EEB /* libBlocksARM.framework */,
			);
			name = Products;
			sourceTree = "<group>";
		};
		A3A904ED2497D37F004835B7 /* iOS */ = {
			isa = PBXGroup;
			children = (
				A3A904EE2497D37F004835B7 /* AppDelegate.h */,
				A3A904EF2497D37F004835B7 /* AppDelegate.m */,
				A3A904F12497D37F004835B7 /* GameViewController.h */,
				A3A904F22497D37F004835B7 /* GameViewController.m */,
				A3A904F42497D37F004835B7 /* Main.storyboard */,
				A3A904F72497D37F004835B7 /* LaunchScreen.storyboard */,
				A3A904FA2497D37F004835B7 /* Info.plist */,
				A3A904FB2497D37F004835B7 /* main.m */,
			);
			path = iOS;
			sourceTree = "<group>";
		};
		A3A905022497D37F004835B7 /* macOS */ = {
			isa = PBXGroup;
			children = (
				A3A905032497D37F004835B7 /* AppDelegate.h */,
				A3A905042497D37F004835B7 /* AppDelegate.m */,
				A3A905062497D37F004835B7 /* GameViewController.h */,
				A3A905072497D37F004835B7 /* GameViewController.mm */,
				A3A905092497D37F004835B7 /* Main.storyboard */,
				A3A9050C2497D37F004835B7 /* Info.plist */,
				A3A9050D2497D37F004835B7 /* main.m */,
			);
			path = macOS;
			sourceTree = "<group>";
		};
		A3AA9850249B04AB00928544 /* GenTextures */ = {
			isa = PBXGroup;
			children = (
				A3AA9851249B04AC00928544 /* main.m */,
			);
			path = GenTextures;
			sourceTree = "<group>";
		};
		A3AA9857249B1C1300928544 /* Textures */ = {
			isa = PBXGroup;
			children = (
				A37CB53D24A1565B008FF9E0 /* block-textures.dat */,
			);
			path = Textures;
			sourceTree = "<group>";
		};
		A3C07AFF24A6F3180031BF23 /* Blocks */ = {
			isa = PBXGroup;
			children = (
				A3C07B0024A6F3180031BF23 /* BlocksInternal.h */,
				A3C07B0124A6F3180031BF23 /* BlocksVerts.h */,
				A3C07B0224A6F3180031BF23 /* BlocksTypes.h */,
				A3C07B0324A6F3180031BF23 /* Blocks.h */,
				A3C07B0424A6F3180031BF23 /* BlocksMath.h */,
				A3C07B0524A6F3180031BF23 /* Blocks.cpp */,
			);
			path = Blocks;
			sourceTree = "<group>";
		};
/* End PBXGroup section */

/* Begin PBXHeadersBuildPhase section */
		A3084055249BF10100AC2EEB /* Headers */ = {
			isa = PBXHeadersBuildPhase;
			buildActionMask = 2147483647;
			files = (
				A308405E249BF10100AC2EEB /* libBlocksARM.h in Headers */,
			);
			runOnlyForDeploymentPostprocessing = 0;
		};
		A32B6DD42499C2B60084106E /* Headers */ = {
			isa = PBXHeadersBuildPhase;
			buildActionMask = 2147483647;
			files = (
			);
			runOnlyForDeploymentPostprocessing = 0;
		};
/* End PBXHeadersBuildPhase section */

/* Begin PBXNativeTarget section */
		A3084059249BF10100AC2EEB /* libBlocksARM */ = {
			isa = PBXNativeTarget;
			buildConfigurationList = A3084063249BF10100AC2EEB /* Build configuration list for PBXNativeTarget "libBlocksARM" */;
			buildPhases = (
				A3084055249BF10100AC2EEB /* Headers */,
				A3084056249BF10100AC2EEB /* Sources */,
				A3084057249BF10100AC2EEB /* Frameworks */,
				A3084058249BF10100AC2EEB /* Resources */,
			);
			buildRules = (
			);
			dependencies = (
			);
			name = libBlocksARM;
			productName = libBlocksARM;
			productReference = A308405A249BF10100AC2EEB /* libBlocksARM.framework */;
			productType = "com.apple.product-type.framework";
		};
		A32B6DD72499C2B60084106E /* libBlocks */ = {
			isa = PBXNativeTarget;
			buildConfigurationList = A32B6DD92499C2B60084106E /* Build configuration list for PBXNativeTarget "libBlocks" */;
			buildPhases = (
				A32B6DD42499C2B60084106E /* Headers */,
				A32B6DD52499C2B60084106E /* Sources */,
				A32B6DD62499C2B60084106E /* Frameworks */,
			);
			buildRules = (
			);
			dependencies = (
			);
			name = libBlocks;
			productName = libBlocks;
			productReference = A32B6DD82499C2B60084106E /* libBlocks.dylib */;
			productType = "com.apple.product-type.library.dynamic";
		};
		A3A904EA2497D37F004835B7 /* IMBlocks iOS */ = {
			isa = PBXNativeTarget;
			buildConfigurationList = A3A905172497D37F004835B7 /* Build configuration list for PBXNativeTarget "IMBlocks iOS" */;
			buildPhases = (
				A3A904E72497D37F004835B7 /* Sources */,
				A3A904E82497D37F004835B7 /* Frameworks */,
				A3A904E92497D37F004835B7 /* Resources */,
				A3084066249BF10100AC2EEB /* Embed Frameworks */,
			);
			buildRules = (
			);
			dependencies = (
				A3084060249BF10100AC2EEB /* PBXTargetDependency */,
			);
			name = "IMBlocks iOS";
			productName = "IMBlocks iOS";
			productReference = A3A904EB2497D37F004835B7 /* IMBlocks.app */;
			productType = "com.apple.product-type.application";
		};
		A3A905002497D37F004835B7 /* IMBlocks macOS */ = {
			isa = PBXNativeTarget;
			buildConfigurationList = A3A9051A2497D37F004835B7 /* Build configuration list for PBXNativeTarget "IMBlocks macOS" */;
			buildPhases = (
				A3A904FD2497D37F004835B7 /* Sources */,
				A3A904FE2497D37F004835B7 /* Frameworks */,
				A3A904FF2497D37F004835B7 /* Resources */,
			);
			buildRules = (
			);
			dependencies = (
				A3AA9849249AAC5500928544 /* PBXTargetDependency */,
			);
			name = "IMBlocks macOS";
			productName = "IMBlocks macOS";
			productReference = A3A905012497D37F004835B7 /* IMBlocks.app */;
			productType = "com.apple.product-type.application";
		};
		A3AA984E249B04AB00928544 /* GenTextures */ = {
			isa = PBXNativeTarget;
			buildConfigurationList = A3AA9853249B04AC00928544 /* Build configuration list for PBXNativeTarget "GenTextures" */;
			buildPhases = (
				A3AA984B249B04AB00928544 /* Sources */,
				A3AA984C249B04AB00928544 /* Frameworks */,
				A3AA984D249B04AB00928544 /* CopyFiles */,
			);
			buildRules = (
			);
			dependencies = (
			);
			name = GenTextures;
			productName = GenTextures;
			productReference = A3AA984F249B04AB00928544 /* GenTextures */;
			productType = "com.apple.product-type.tool";
		};
/* End PBXNativeTarget section */

/* Begin PBXProject section */
		A3A904DD2497D37E004835B7 /* Project object */ = {
			isa = PBXProject;
			attributes = {
				LastUpgradeCheck = 1130;
				ORGANIZATIONNAME = "Lifelong Kindergarten";
				TargetAttributes = {
					A3084059249BF10100AC2EEB = {
						CreatedOnToolsVersion = 11.3.1;
					};
					A32B6DD72499C2B60084106E = {
						CreatedOnToolsVersion = 11.3.1;
					};
					A3A904EA2497D37F004835B7 = {
						CreatedOnToolsVersion = 11.3.1;
					};
					A3A905002497D37F004835B7 = {
						CreatedOnToolsVersion = 11.3.1;
					};
					A3AA984E249B04AB00928544 = {
						CreatedOnToolsVersion = 11.3.1;
					};
				};
			};
			buildConfigurationList = A3A904E02497D37E004835B7 /* Build configuration list for PBXProject "IMBlocks" */;
			compatibilityVersion = "Xcode 9.3";
			developmentRegion = en;
			hasScannedForEncodings = 0;
			knownRegions = (
				en,
				Base,
			);
			mainGroup = A3A904DC2497D37E004835B7;
			productRefGroup = A3A904EC2497D37F004835B7 /* Products */;
			projectDirPath = "";
			projectRoot = "";
			targets = (
				A3A904EA2497D37F004835B7 /* IMBlocks iOS */,
				A3A905002497D37F004835B7 /* IMBlocks macOS */,
				A32B6DD72499C2B60084106E /* libBlocks */,
				A3AA984E249B04AB00928544 /* GenTextures */,
				A3084059249BF10100AC2EEB /* libBlocksARM */,
			);
		};
/* End PBXProject section */

/* Begin PBXResourcesBuildPhase section */
		A3084058249BF10100AC2EEB /* Resources */ = {
			isa = PBXResourcesBuildPhase;
			buildActionMask = 2147483647;
			files = (
			);
			runOnlyForDeploymentPostprocessing = 0;
		};
		A3A904E92497D37F004835B7 /* Resources */ = {
			isa = PBXResourcesBuildPhase;
			buildActionMask = 2147483647;
			files = (
				A3A904F62497D37F004835B7 /* Main.storyboard in Resources */,
				A37CB53E24A1565B008FF9E0 /* block-textures.dat in Resources */,
				A3A905132497D37F004835B7 /* Assets.xcassets in Resources */,
				A3A904F92497D37F004835B7 /* LaunchScreen.storyboard in Resources */,
			);
			runOnlyForDeploymentPostprocessing = 0;
		};
		A3A904FF2497D37F004835B7 /* Resources */ = {
			isa = PBXResourcesBuildPhase;
			buildActionMask = 2147483647;
			files = (
				A3A905142497D37F004835B7 /* Assets.xcassets in Resources */,
				A37CB53F24A1565B008FF9E0 /* block-textures.dat in Resources */,
				A3A9050B2497D37F004835B7 /* Main.storyboard in Resources */,
			);
			runOnlyForDeploymentPostprocessing = 0;
		};
/* End PBXResourcesBuildPhase section */

/* Begin PBXSourcesBuildPhase section */
		A3084056249BF10100AC2EEB /* Sources */ = {
			isa = PBXSourcesBuildPhase;
			buildActionMask = 2147483647;
			files = (
			);
			runOnlyForDeploymentPostprocessing = 0;
		};
		A32B6DD52499C2B60084106E /* Sources */ = {
			isa = PBXSourcesBuildPhase;
			buildActionMask = 2147483647;
			files = (
				A3C07B0624A6F31D0031BF23 /* Blocks.cpp in Sources */,
			);
			runOnlyForDeploymentPostprocessing = 0;
		};
		A3A904E72497D37F004835B7 /* Sources */ = {
			isa = PBXSourcesBuildPhase;
			buildActionMask = 2147483647;
			files = (
				A3A9050F2497D37F004835B7 /* Renderer.mm in Sources */,
				A3600D9A24ABDECE00D5075F /* imgui_impl_osx.mm in Sources */,
				A3A904F32497D37F004835B7 /* GameViewController.m in Sources */,
				A3A904FC2497D37F004835B7 /* main.m in Sources */,
				A3600D9824ABDECE00D5075F /* imgui_draw.cpp in Sources */,
				A3600D9224ABDECE00D5075F /* imgui_impl_metal.mm in Sources */,
				A3A904F02497D37F004835B7 /* AppDelegate.m in Sources */,
				A3600D9C24ABDECE00D5075F /* imgui_widgets.cpp in Sources */,
				A3A905112497D37F004835B7 /* Shaders.metal in Sources */,
				A3600D9424ABDECE00D5075F /* imgui_demo.cpp in Sources */,
				A3A90524249810B4004835B7 /* MetalView.m in Sources */,
				A3600D9624ABDECE00D5075F /* imgui.cpp in Sources */,
			);
			runOnlyForDeploymentPostprocessing = 0;
		};
		A3A904FD2497D37F004835B7 /* Sources */ = {
			isa = PBXSourcesBuildPhase;
			buildActionMask = 2147483647;
			files = (
				A3A905102497D37F004835B7 /* Renderer.mm in Sources */,
				A3600D9B24ABDECE00D5075F /* imgui_impl_osx.mm in Sources */,
				A3A905082497D37F004835B7 /* GameViewController.mm in Sources */,
				A3A9050E2497D37F004835B7 /* main.m in Sources */,
				A3600D9924ABDECE00D5075F /* imgui_draw.cpp in Sources */,
				A3600D9324ABDECE00D5075F /* imgui_impl_metal.mm in Sources */,
				A3A905052497D37F004835B7 /* AppDelegate.m in Sources */,
				A3600D9D24ABDECE00D5075F /* imgui_widgets.cpp in Sources */,
				A3A905122497D37F004835B7 /* Shaders.metal in Sources */,
				A3600D9524ABDECE00D5075F /* imgui_demo.cpp in Sources */,
				A3A90525249810B4004835B7 /* MetalView.m in Sources */,
				A3600D9724ABDECE00D5075F /* imgui.cpp in Sources */,
			);
			runOnlyForDeploymentPostprocessing = 0;
		};
		A3AA984B249B04AB00928544 /* Sources */ = {
			isa = PBXSourcesBuildPhase;
			buildActionMask = 2147483647;
			files = (
				A3AA9852249B04AC00928544 /* main.m in Sources */,
			);
			runOnlyForDeploymentPostprocessing = 0;
		};
/* End PBXSourcesBuildPhase section */

/* Begin PBXTargetDependency section */
		A3084060249BF10100AC2EEB /* PBXTargetDependency */ = {
			isa = PBXTargetDependency;
			target = A3084059249BF10100AC2EEB /* libBlocksARM */;
			targetProxy = A308405F249BF10100AC2EEB /* PBXContainerItemProxy */;
		};
		A3AA9849249AAC5500928544 /* PBXTargetDependency */ = {
			isa = PBXTargetDependency;
			target = A32B6DD72499C2B60084106E /* libBlocks */;
			targetProxy = A3AA9848249AAC5500928544 /* PBXContainerItemProxy */;
		};
/* End PBXTargetDependency section */

/* Begin PBXVariantGroup section */
		A3A904F42497D37F004835B7 /* Main.storyboard */ = {
			isa = PBXVariantGroup;
			children = (
				A3A904F52497D37F004835B7 /* Base */,
			);
			name = Main.storyboard;
			sourceTree = "<group>";
		};
		A3A904F72497D37F004835B7 /* LaunchScreen.storyboard */ = {
			isa = PBXVariantGroup;
			children = (
				A3A904F82497D37F004835B7 /* Base */,
			);
			name = LaunchScreen.storyboard;
			sourceTree = "<group>";
		};
		A3A905092497D37F004835B7 /* Main.storyboard */ = {
			isa = PBXVariantGroup;
			children = (
				A3A9050A2497D37F004835B7 /* Base */,
			);
			name = Main.storyboard;
			sourceTree = "<group>";
		};
/* End PBXVariantGroup section */

/* Begin XCBuildConfiguration section */
		A3084064249BF10100AC2EEB /* Debug */ = {
			isa = XCBuildConfiguration;
			buildSettings = {
				CODE_SIGN_STYLE = Automatic;
				CURRENT_PROJECT_VERSION = 1;
				DEFINES_MODULE = YES;
				DEVELOPMENT_TEAM = 38HK43T9W4;
				DYLIB_COMPATIBILITY_VERSION = 1;
				DYLIB_CURRENT_VERSION = 1;
				DYLIB_INSTALL_NAME_BASE = "@rpath";
				INFOPLIST_FILE = libBlocksARM/Info.plist;
				INSTALL_PATH = "$(LOCAL_LIBRARY_DIR)/Frameworks";
				IPHONEOS_DEPLOYMENT_TARGET = 13.2;
				LD_RUNPATH_SEARCH_PATHS = (
					"$(inherited)",
					"@executable_path/Frameworks",
					"@loader_path/Frameworks",
				);
				PRODUCT_BUNDLE_IDENTIFIER = edu.mit.media.llk.libBlocksARM;
				PRODUCT_NAME = "$(TARGET_NAME:c99extidentifier)";
				SDKROOT = iphoneos;
				SKIP_INSTALL = YES;
				TARGETED_DEVICE_FAMILY = "1,2";
				VERSIONING_SYSTEM = "apple-generic";
				VERSION_INFO_PREFIX = "";
			};
			name = Debug;
		};
		A3084065249BF10100AC2EEB /* Release */ = {
			isa = XCBuildConfiguration;
			buildSettings = {
				CODE_SIGN_STYLE = Automatic;
				CURRENT_PROJECT_VERSION = 1;
				DEFINES_MODULE = YES;
				DEVELOPMENT_TEAM = 38HK43T9W4;
				DYLIB_COMPATIBILITY_VERSION = 1;
				DYLIB_CURRENT_VERSION = 1;
				DYLIB_INSTALL_NAME_BASE = "@rpath";
				INFOPLIST_FILE = libBlocksARM/Info.plist;
				INSTALL_PATH = "$(LOCAL_LIBRARY_DIR)/Frameworks";
				IPHONEOS_DEPLOYMENT_TARGET = 13.2;
				LD_RUNPATH_SEARCH_PATHS = (
					"$(inherited)",
					"@executable_path/Frameworks",
					"@loader_path/Frameworks",
				);
				PRODUCT_BUNDLE_IDENTIFIER = edu.mit.media.llk.libBlocksARM;
				PRODUCT_NAME = "$(TARGET_NAME:c99extidentifier)";
				SDKROOT = iphoneos;
				SKIP_INSTALL = YES;
				TARGETED_DEVICE_FAMILY = "1,2";
				VALIDATE_PRODUCT = YES;
				VERSIONING_SYSTEM = "apple-generic";
				VERSION_INFO_PREFIX = "";
			};
			name = Release;
		};
		A32B6DDA2499C2B60084106E /* Debug */ = {
			isa = XCBuildConfiguration;
			buildSettings = {
				CODE_SIGN_STYLE = Automatic;
				DEVELOPMENT_TEAM = 38HK43T9W4;
				DYLIB_COMPATIBILITY_VERSION = 1;
				DYLIB_CURRENT_VERSION = 1;
				EXECUTABLE_PREFIX = "";
				MACOSX_DEPLOYMENT_TARGET = 10.14;
				PRODUCT_NAME = "$(TARGET_NAME)";
				SDKROOT = macosx;
				SKIP_INSTALL = YES;
			};
			name = Debug;
		};
		A32B6DDB2499C2B60084106E /* Release */ = {
			isa = XCBuildConfiguration;
			buildSettings = {
				CODE_SIGN_STYLE = Automatic;
				DEVELOPMENT_TEAM = 38HK43T9W4;
				DYLIB_COMPATIBILITY_VERSION = 1;
				DYLIB_CURRENT_VERSION = 1;
				EXECUTABLE_PREFIX = "";
				MACOSX_DEPLOYMENT_TARGET = 10.14;
				PRODUCT_NAME = "$(TARGET_NAME)";
				SDKROOT = macosx;
				SKIP_INSTALL = YES;
			};
			name = Release;
		};
		A3A905152497D37F004835B7 /* Debug */ = {
			isa = XCBuildConfiguration;
			buildSettings = {
				ALWAYS_SEARCH_USER_PATHS = NO;
				CLANG_ANALYZER_NONNULL = YES;
				CLANG_ANALYZER_NUMBER_OBJECT_CONVERSION = YES_AGGRESSIVE;
				CLANG_CXX_LANGUAGE_STANDARD = "gnu++14";
				CLANG_CXX_LIBRARY = "libc++";
				CLANG_ENABLE_MODULES = YES;
				CLANG_ENABLE_OBJC_ARC = YES;
				CLANG_ENABLE_OBJC_WEAK = YES;
				CLANG_WARN_BLOCK_CAPTURE_AUTORELEASING = YES;
				CLANG_WARN_BOOL_CONVERSION = YES;
				CLANG_WARN_COMMA = YES;
				CLANG_WARN_CONSTANT_CONVERSION = YES;
				CLANG_WARN_DEPRECATED_OBJC_IMPLEMENTATIONS = YES;
				CLANG_WARN_DIRECT_OBJC_ISA_USAGE = YES_ERROR;
				CLANG_WARN_DOCUMENTATION_COMMENTS = YES;
				CLANG_WARN_EMPTY_BODY = YES;
				CLANG_WARN_ENUM_CONVERSION = YES;
				CLANG_WARN_INFINITE_RECURSION = YES;
				CLANG_WARN_INT_CONVERSION = YES;
				CLANG_WARN_NON_LITERAL_NULL_CONVERSION = YES;
				CLANG_WARN_OBJC_IMPLICIT_RETAIN_SELF = YES;
				CLANG_WARN_OBJC_LITERAL_CONVERSION = YES;
				CLANG_WARN_OBJC_ROOT_CLASS = YES_ERROR;
				CLANG_WARN_RANGE_LOOP_ANALYSIS = YES;
				CLANG_WARN_STRICT_PROTOTYPES = YES;
				CLANG_WARN_SUSPICIOUS_MOVE = YES;
				CLANG_WARN_UNGUARDED_AVAILABILITY = YES_AGGRESSIVE;
				CLANG_WARN_UNREACHABLE_CODE = YES;
				CLANG_WARN__DUPLICATE_METHOD_MATCH = YES;
				COPY_PHASE_STRIP = NO;
				DEBUG_INFORMATION_FORMAT = dwarf;
				ENABLE_STRICT_OBJC_MSGSEND = YES;
				ENABLE_TESTABILITY = YES;
				GCC_C_LANGUAGE_STANDARD = gnu11;
				GCC_DYNAMIC_NO_PIC = NO;
				GCC_NO_COMMON_BLOCKS = YES;
				GCC_OPTIMIZATION_LEVEL = 0;
				GCC_PREPROCESSOR_DEFINITIONS = (
					"DEBUG=1",
					"$(inherited)",
				);
				GCC_WARN_64_TO_32_BIT_CONVERSION = YES;
				GCC_WARN_ABOUT_RETURN_TYPE = YES_ERROR;
				GCC_WARN_UNDECLARED_SELECTOR = YES;
				GCC_WARN_UNINITIALIZED_AUTOS = YES_AGGRESSIVE;
				GCC_WARN_UNUSED_FUNCTION = YES;
				GCC_WARN_UNUSED_VARIABLE = YES;
				MTL_ENABLE_DEBUG_INFO = INCLUDE_SOURCE;
				MTL_FAST_MATH = YES;
				ONLY_ACTIVE_ARCH = YES;
			};
			name = Debug;
		};
		A3A905162497D37F004835B7 /* Release */ = {
			isa = XCBuildConfiguration;
			buildSettings = {
				ALWAYS_SEARCH_USER_PATHS = NO;
				CLANG_ANALYZER_NONNULL = YES;
				CLANG_ANALYZER_NUMBER_OBJECT_CONVERSION = YES_AGGRESSIVE;
				CLANG_CXX_LANGUAGE_STANDARD = "gnu++14";
				CLANG_CXX_LIBRARY = "libc++";
				CLANG_ENABLE_MODULES = YES;
				CLANG_ENABLE_OBJC_ARC = YES;
				CLANG_ENABLE_OBJC_WEAK = YES;
				CLANG_WARN_BLOCK_CAPTURE_AUTORELEASING = YES;
				CLANG_WARN_BOOL_CONVERSION = YES;
				CLANG_WARN_COMMA = YES;
				CLANG_WARN_CONSTANT_CONVERSION = YES;
				CLANG_WARN_DEPRECATED_OBJC_IMPLEMENTATIONS = YES;
				CLANG_WARN_DIRECT_OBJC_ISA_USAGE = YES_ERROR;
				CLANG_WARN_DOCUMENTATION_COMMENTS = YES;
				CLANG_WARN_EMPTY_BODY = YES;
				CLANG_WARN_ENUM_CONVERSION = YES;
				CLANG_WARN_INFINITE_RECURSION = YES;
				CLANG_WARN_INT_CONVERSION = YES;
				CLANG_WARN_NON_LITERAL_NULL_CONVERSION = YES;
				CLANG_WARN_OBJC_IMPLICIT_RETAIN_SELF = YES;
				CLANG_WARN_OBJC_LITERAL_CONVERSION = YES;
				CLANG_WARN_OBJC_ROOT_CLASS = YES_ERROR;
				CLANG_WARN_RANGE_LOOP_ANALYSIS = YES;
				CLANG_WARN_STRICT_PROTOTYPES = YES;
				CLANG_WARN_SUSPICIOUS_MOVE = YES;
				CLANG_WARN_UNGUARDED_AVAILABILITY = YES_AGGRESSIVE;
				CLANG_WARN_UNREACHABLE_CODE = YES;
				CLANG_WARN__DUPLICATE_METHOD_MATCH = YES;
				COPY_PHASE_STRIP = NO;
				DEBUG_INFORMATION_FORMAT = "dwarf-with-dsym";
				ENABLE_NS_ASSERTIONS = NO;
				ENABLE_STRICT_OBJC_MSGSEND = YES;
				GCC_C_LANGUAGE_STANDARD = gnu11;
				GCC_NO_COMMON_BLOCKS = YES;
				GCC_WARN_64_TO_32_BIT_CONVERSION = YES;
				GCC_WARN_ABOUT_RETURN_TYPE = YES_ERROR;
				GCC_WARN_UNDECLARED_SELECTOR = YES;
				GCC_WARN_UNINITIALIZED_AUTOS = YES_AGGRESSIVE;
				GCC_WARN_UNUSED_FUNCTION = YES;
				GCC_WARN_UNUSED_VARIABLE = YES;
				MTL_ENABLE_DEBUG_INFO = NO;
				MTL_FAST_MATH = YES;
			};
			name = Release;
		};
		A3A905182497D37F004835B7 /* Debug */ = {
			isa = XCBuildConfiguration;
			buildSettings = {
				ASSETCATALOG_COMPILER_APPICON_NAME = AppIcon;
				CODE_SIGN_STYLE = Automatic;
				DEVELOPMENT_TEAM = 38HK43T9W4;
				INFOPLIST_FILE = iOS/Info.plist;
				INSTALL_PATH = "$(LOCAL_APPS_DIR)";
				IPHONEOS_DEPLOYMENT_TARGET = 13.2;
				LD_RUNPATH_SEARCH_PATHS = (
					"$(inherited)",
					"@executable_path/Frameworks",
				);
				PRODUCT_BUNDLE_IDENTIFIER = edu.mit.media.llk.IMBlocks;
				PRODUCT_NAME = IMBlocks;
				SDKROOT = iphoneos;
				TARGETED_DEVICE_FAMILY = "1,2";
			};
			name = Debug;
		};
		A3A905192497D37F004835B7 /* Release */ = {
			isa = XCBuildConfiguration;
			buildSettings = {
				ASSETCATALOG_COMPILER_APPICON_NAME = AppIcon;
				CODE_SIGN_STYLE = Automatic;
				DEVELOPMENT_TEAM = 38HK43T9W4;
				INFOPLIST_FILE = iOS/Info.plist;
				INSTALL_PATH = "$(LOCAL_APPS_DIR)";
				IPHONEOS_DEPLOYMENT_TARGET = 13.2;
				LD_RUNPATH_SEARCH_PATHS = (
					"$(inherited)",
					"@executable_path/Frameworks",
				);
				PRODUCT_BUNDLE_IDENTIFIER = edu.mit.media.llk.IMBlocks;
				PRODUCT_NAME = IMBlocks;
				SDKROOT = iphoneos;
				TARGETED_DEVICE_FAMILY = "1,2";
				VALIDATE_PRODUCT = YES;
			};
			name = Release;
		};
		A3A9051B2497D37F004835B7 /* Debug */ = {
			isa = XCBuildConfiguration;
			buildSettings = {
				ASSETCATALOG_COMPILER_APPICON_NAME = AppIcon;
				CODE_SIGN_STYLE = Automatic;
				COMBINE_HIDPI_IMAGES = YES;
				DEVELOPMENT_TEAM = 38HK43T9W4;
				ENABLE_HARDENED_RUNTIME = YES;
				INFOPLIST_FILE = macOS/Info.plist;
				LD_RUNPATH_SEARCH_PATHS = (
					"$(inherited)",
					"@executable_path/../Frameworks",
				);
				MACOSX_DEPLOYMENT_TARGET = 10.14;
				PRODUCT_BUNDLE_IDENTIFIER = edu.mit.media.llk.IMBlocks;
				PRODUCT_NAME = IMBlocks;
				SDKROOT = macosx;
			};
			name = Debug;
		};
		A3A9051C2497D37F004835B7 /* Release */ = {
			isa = XCBuildConfiguration;
			buildSettings = {
				ASSETCATALOG_COMPILER_APPICON_NAME = AppIcon;
				CODE_SIGN_STYLE = Automatic;
				COMBINE_HIDPI_IMAGES = YES;
				DEVELOPMENT_TEAM = 38HK43T9W4;
				ENABLE_HARDENED_RUNTIME = YES;
				INFOPLIST_FILE = macOS/Info.plist;
				LD_RUNPATH_SEARCH_PATHS = (
					"$(inherited)",
					"@executable_path/../Frameworks",
				);
				MACOSX_DEPLOYMENT_TARGET = 10.14;
				PRODUCT_BUNDLE_IDENTIFIER = edu.mit.media.llk.IMBlocks;
				PRODUCT_NAME = IMBlocks;
				SDKROOT = macosx;
			};
			name = Release;
		};
		A3AA9854249B04AC00928544 /* Debug */ = {
			isa = XCBuildConfiguration;
			buildSettings = {
				CODE_SIGN_STYLE = Automatic;
				DEVELOPMENT_TEAM = 38HK43T9W4;
				ENABLE_HARDENED_RUNTIME = YES;
				MACOSX_DEPLOYMENT_TARGET = 10.14;
				PRODUCT_NAME = "$(TARGET_NAME)";
				SDKROOT = macosx;
			};
			name = Debug;
		};
		A3AA9855249B04AC00928544 /* Release */ = {
			isa = XCBuildConfiguration;
			buildSettings = {
				CODE_SIGN_STYLE = Automatic;
				DEVELOPMENT_TEAM = 38HK43T9W4;
				ENABLE_HARDENED_RUNTIME = YES;
				MACOSX_DEPLOYMENT_TARGET = 10.14;
				PRODUCT_NAME = "$(TARGET_NAME)";
				SDKROOT = macosx;
			};
			name = Release;
		};
/* End XCBuildConfiguration section */

/* Begin XCConfigurationList section */
		A3084063249BF10100AC2EEB /* Build configuration list for PBXNativeTarget "libBlocksARM" */ = {
			isa = XCConfigurationList;
			buildConfigurations = (
				A3084064249BF10100AC2EEB /* Debug */,
				A3084065249BF10100AC2EEB /* Release */,
			);
			defaultConfigurationIsVisible = 0;
			defaultConfigurationName = Debug;
		};
		A32B6DD92499C2B60084106E /* Build configuration list for PBXNativeTarget "libBlocks" */ = {
			isa = XCConfigurationList;
			buildConfigurations = (
				A32B6DDA2499C2B60084106E /* Debug */,
				A32B6DDB2499C2B60084106E /* Release */,
			);
			defaultConfigurationIsVisible = 0;
			defaultConfigurationName = Debug;
		};
		A3A904E02497D37E004835B7 /* Build configuration list for PBXProject "IMBlocks" */ = {
			isa = XCConfigurationList;
			buildConfigurations = (
				A3A905152497D37F004835B7 /* Debug */,
				A3A905162497D37F004835B7 /* Release */,
			);
			defaultConfigurationIsVisible = 0;
			defaultConfigurationName = Debug;
		};
		A3A905172497D37F004835B7 /* Build configuration list for PBXNativeTarget "IMBlocks iOS" */ = {
			isa = XCConfigurationList;
			buildConfigurations = (
				A3A905182497D37F004835B7 /* Debug */,
				A3A905192497D37F004835B7 /* Release */,
			);
			defaultConfigurationIsVisible = 0;
			defaultConfigurationName = Debug;
		};
		A3A9051A2497D37F004835B7 /* Build configuration list for PBXNativeTarget "IMBlocks macOS" */ = {
			isa = XCConfigurationList;
			buildConfigurations = (
				A3A9051B2497D37F004835B7 /* Debug */,
				A3A9051C2497D37F004835B7 /* Release */,
			);
			defaultConfigurationIsVisible = 0;
			defaultConfigurationName = Debug;
		};
		A3AA9853249B04AC00928544 /* Build configuration list for PBXNativeTarget "GenTextures" */ = {
			isa = XCConfigurationList;
			buildConfigurations = (
				A3AA9854249B04AC00928544 /* Debug */,
				A3AA9855249B04AC00928544 /* Release */,
			);
			defaultConfigurationIsVisible = 0;
			defaultConfigurationName = Debug;
		};
/* End XCConfigurationList section */
	};
	rootObject = A3A904DD2497D37E004835B7 /* Project object */;
}
